{
  "name": "@dishanqian/dices",
  "version": "0.1.0",
  "lockfileVersion": 3,
  "requires": true,
  "packages": {
    "": {
      "name": "@dishanqian/dices",
      "version": "0.1.0",
      "license": "Apache-2.0",
      "dependencies": {
        "@dishanqian/h5-base": "^0.1.2"
      }
    },
    "node_modules/@dishanqian/h5-base": {
      "version": "0.1.2",
      "resolved": "https://registry.npmjs.org/@dishanqian/h5-base/-/h5-base-0.1.2.tgz",
      "integrity": "sha512-UvykWzGJU/Jf9dw9wbLGxSDP7+46ySaoLoEfm4KvFB6hWoil696yP6h5MgutWstf+NMYJaYIyWeyVKRwCIakpQ=="
    }
  }
}
