{
  "name": "@dishanqian/dices",
  "version": "0.1.2",
  "lockfileVersion": 3,
  "requires": true,
  "packages": {
    "": {
      "name": "@dishanqian/dices",
      "version": "0.1.2",
      "license": "Apache-2.0",
      "dependencies": {
        "@dishanqian/h5_base": "^0.0.1"
      }
    },
    "node_modules/@dishanqian/h5_base": {
      "version": "0.0.1",
      "resolved": "https://registry.npmjs.org/@dishanqian/h5_base/-/h5_base-0.0.1.tgz",
      "integrity": "sha512-VoVTU88Rn2bgrAOb9ZVM+UaWuCFwQ3lqfKqKz4Nevud9fbUFW1TKpU1ifefrqXvI9+c2IxPYBqEUK9+8D7XZHA=="
    }
  }
}
